
Microsoft Visual Studio Solution File, Format Version 12.00
# Visual Studio Version 16
VisualStudioVersion = 16.0.30503.244
MinimumVisualStudioVersion = 10.0.40219.1
Project("{FAE04EC0-301F-11D3-BF4B-00C04F79EFBC}") = "mona", "mona\mona.csproj", "{CE7761CD-5338-410E-BADB-E24B16C2B21D}"
EndProject
Project("{FAE04EC0-301F-11D3-BF4B-00C04F79EFBC}") = "TestTriangle", "TestTriangle\TestTriangle.csproj", "{4FCC676B-FE7F-456E-8309-5477368C950D}"
EndProject
Global
	GlobalSection(SolutionConfigurationPlatforms) = preSolution
		Debug|Any CPU = Debug|Any CPU
		Release|Any CPU = Release|Any CPU
	EndGlobalSection
	GlobalSection(ProjectConfigurationPlatforms) = postSolution
		{CE7761CD-5338-410E-BADB-E24B16C2B21D}.Debug|Any CPU.ActiveCfg = Debug|Any CPU
		{CE7761CD-5338-410E-BADB-E24B16C2B21D}.Debug|Any CPU.Build.0 = Debug|Any CPU
		{CE7761CD-5338-410E-BADB-E24B16C2B21D}.Release|Any CPU.ActiveCfg = Release|Any CPU
		{CE7761CD-5338-410E-BADB-E24B16C2B21D}.Release|Any CPU.Build.0 = Release|Any CPU
		{4FCC676B-FE7F-456E-8309-5477368C950D}.Debug|Any CPU.ActiveCfg = Debug|Any CPU
		{4FCC676B-FE7F-456E-8309-5477368C950D}.Debug|Any CPU.Build.0 = Debug|Any CPU
		{4FCC676B-FE7F-456E-8309-5477368C950D}.Release|Any CPU.ActiveCfg = Release|Any CPU
		{4FCC676B-FE7F-456E-8309-5477368C950D}.Release|Any CPU.Build.0 = Release|Any CPU
	EndGlobalSection
	GlobalSection(SolutionProperties) = preSolution
		HideSolutionNode = FALSE
	EndGlobalSection
	GlobalSection(ExtensibilityGlobals) = postSolution
		SolutionGuid = {FCCB3012-7780-4F81-9910-85973FCBD6D6}
	EndGlobalSection
EndGlobal
